<?xml version="1.0" encoding="utf-8"?>
<Project ToolsVersion="4.0" xmlns="http://schemas.microsoft.com/developer/msbuild/2003">
  <ItemGroup>
    <Filter Include="res">
      <UniqueIdentifier>{67DA6AB6-F800-4c08-8B7A-83BB121AAD01}</UniqueIdentifier>
      <Extensions>rc;ico;cur;bmp;dlg;rc2;rct;bin;rgs;gif;jpg;jpeg;jpe;resx;tiff;tif;png;wav;mfcribbon-ms</Extensions>
    </Filter>
    <Filter Include="src">
      <UniqueIdentifier>{4FC737F1-C7A5-4376-A066-2A32D752A2FF}</UniqueIdentifier>
      <Extensions>cpp;c;cc;cxx;def;odl;idl;hpj;bat;asm;asmx</Extensions>
    </Filter>
    <Filter Include="src\gui">
      <UniqueIdentifier>{e4c14637-06e5-44ce-a572-c770fd7ea58b}</UniqueIdentifier>
    </Filter>
    <Filter Include="src\tools">
      <UniqueIdentifier>{41b4ba3c-a009-4e26-8439-e704acacfdf6}</UniqueIdentifier>
    </Filter>
    <Filter Include="src\draw">
      <UniqueIdentifier>{199ff89e-b789-4b7f-a023-79f77aa7a6da}</UniqueIdentifier>
    </Filter>
    <Filter Include="src\core">
      <UniqueIdentifier>{8b4e9a58-edd7-4575-935b-d07cc95448da}</UniqueIdentifier>
    </Filter>
    <Filter Include="src\sync">
      <UniqueIdentifier>{3ae82ed1-959b-4091-a396-d8432d002f5b}</UniqueIdentifier>
    </Filter>
  </ItemGroup>
  <ItemGroup>
    <ClInclude Include="calc.h">
      <Filter>src</Filter>
    </ClInclude>
    <ClInclude Include="pch.h">
      <Filter>src</Filter>
    </ClInclude>
    <ClInclude Include="Resource.h">
      <Filter>res</Filter>
    </ClInclude>
    <ClInclude Include="config.h">
      <Filter>src</Filter>
    </ClInclude>
    <ClInclude Include="view.h">
      <Filter>src\gui</Filter>
    </ClInclude>
    <ClInclude Include="tools.h">
      <Filter>src\tools</Filter>
    </ClInclude>
    <ClInclude Include="view_input.h">
      <Filter>src\gui</Filter>
    </ClInclude>
    <ClInclude Include="canvas.h">
      <Filter>src\draw</Filter>
    </ClInclude>
    <ClInclude Include="surface.h">
      <Filter>src\draw</Filter>
    </ClInclude>
    <ClInclude Include="vec.h">
      <Filter>src\tools</Filter>
    </ClInclude>
    <ClInclude Include="main_view.h">
      <Filter>src\gui</Filter>
    </ClInclude>
    <ClInclude Include="cpu_detector.h">
      <Filter>src\tools</Filter>
    </ClInclude>
    <ClInclude Include="operators.h">
      <Filter>src\core</Filter>
    </ClInclude>
    <ClInclude Include="value.h">
      <Filter>src\core</Filter>
    </ClInclude>
    <ClInclude Include="etree.h">
      <Filter>src\core</Filter>
    </ClInclude>
    <ClInclude Include="sync.h">
      <Filter>src\sync</Filter>
    </ClInclude>
    <ClInclude Include="sts.h">
      <Filter>src\tools</Filter>
    </ClInclude>
    <ClInclude Include="str_helpers.h">
      <Filter>src\tools</Filter>
    </ClInclude>
    <ClInclude Include="fsys.h">
      <Filter>src\tools</Filter>
    </ClInclude>
    <ClInclude Include="resultformat.h">
      <Filter>src\core</Filter>
    </ClInclude>
  </ItemGroup>
  <ItemGroup>
    <ClCompile Include="calc.cpp">
      <Filter>src</Filter>
    </ClCompile>
    <ClCompile Include="pch.cpp">
      <Filter>src</Filter>
    </ClCompile>
    <ClCompile Include="config.cpp">
      <Filter>src</Filter>
    </ClCompile>
    <ClCompile Include="view.cpp">
      <Filter>src\gui</Filter>
    </ClCompile>
    <ClCompile Include="view_input.cpp">
      <Filter>src\gui</Filter>
    </ClCompile>
    <ClCompile Include="main_view.cpp">
      <Filter>src\gui</Filter>
    </ClCompile>
    <ClCompile Include="canvas.cpp">
      <Filter>src\draw</Filter>
    </ClCompile>
    <ClCompile Include="surface.cpp">
      <Filter>src\draw</Filter>
    </ClCompile>
    <ClCompile Include="tools.cpp">
      <Filter>src\tools</Filter>
    </ClCompile>
    <ClCompile Include="cpu_detector.cpp">
      <Filter>src\tools</Filter>
    </ClCompile>
    <ClCompile Include="operators.cpp">
      <Filter>src\core</Filter>
    </ClCompile>
    <ClCompile Include="value.cpp">
      <Filter>src\core</Filter>
    </ClCompile>
    <ClCompile Include="etree.cpp">
      <Filter>src\core</Filter>
    </ClCompile>
    <ClCompile Include="sts.cpp">
      <Filter>src\tools</Filter>
    </ClCompile>
    <ClCompile Include="fsys.cpp">
      <Filter>src\tools</Filter>
    </ClCompile>
    <ClCompile Include="resultformat.cpp">
      <Filter>src\core</Filter>
    </ClCompile>
    <ClCompile Include="tests.cpp">
      <Filter>src</Filter>
    </ClCompile>
  </ItemGroup>
  <ItemGroup>
    <ResourceCompile Include="calc.rc">
      <Filter>res</Filter>
    </ResourceCompile>
  </ItemGroup>
  <ItemGroup>
    <Image Include="calc.ico">
      <Filter>res</Filter>
    </Image>
  </ItemGroup>
</Project>